PODS:
  - Flutter (1.0.0)
  - SCSDKCameraKit (1.25.0)
  - SCSDKCameraKitReferenceUI (1.25.0):
    - SCSDKCameraKit (~> 1.25.0)
  - video_player_avfoundation (0.0.1):
    - Flutter

DEPENDENCIES:
  - Flutter (from `Flutter`)
  - SCSDKCameraKit (= 1.25.0)
  - SCSDKCameraKitReferenceUI (= 1.25.0)
  - video_player_avfoundation (from `.symlinks/plugins/video_player_avfoundation/ios`)

SPEC REPOS:
  trunk:
    - SCSDKCameraKit
    - SCSDKCameraKitReferenceUI

EXTERNAL SOURCES:
  Flutter:
    :path: Flutter
  video_player_avfoundation:
    :path: ".symlinks/plugins/video_player_avfoundation/ios"

SPEC CHECKSUMS:
  Flutter: f04841e97a9d0b0a8025694d0796dd46242b2854
  SCSDKCameraKit: 5248a38618ef072a4d3cc804a4e2418df87b5ba7
  SCSDKCameraKitReferenceUI: c47d992e66f457c0e7558aad448bf756bd559caa
  video_player_avfoundation: 81e49bb3d9fb63dccf9fa0f6d877dc3ddbeac126

PODFILE CHECKSUM: 9ae090c6ba492364c4cd75ebc9881b4df88a0d30

COCOAPODS: 1.11.3
